
Microsoft Visual Studio Solution File, Format Version 12.00
# Visual Studio Version 16
VisualStudioVersion = 16.0.29418.71
MinimumVisualStudioVersion = 10.0.40219.1
Project("{FAE04EC0-301F-11D3-BF4B-00C04F79EFBC}") = "HelloWorld", "HelloWorld\HelloWorld.csproj", "{27C28DD8-E049-48BD-B3A5-5B2E8A2FD17E}"
EndProject
Global
	GlobalSection(SolutionConfigurationPlatforms) = preSolution
		Debug|Any CPU = Debug|Any CPU
		Release|Any CPU = Release|Any CPU
	EndGlobalSection
	GlobalSection(ProjectConfigurationPlatforms) = postSolution
		{27C28DD8-E049-48BD-B3A5-5B2E8A2FD17E}.Debug|Any CPU.ActiveCfg = Debug|Any CPU
		{27C28DD8-E049-48BD-B3A5-5B2E8A2FD17E}.Debug|Any CPU.Build.0 = Debug|Any CPU
		{27C28DD8-E049-48BD-B3A5-5B2E8A2FD17E}.Release|Any CPU.ActiveCfg = Release|Any CPU
		{27C28DD8-E049-48BD-B3A5-5B2E8A2FD17E}.Release|Any CPU.Build.0 = Release|Any CPU
	EndGlobalSection
	GlobalSection(SolutionProperties) = preSolution
		HideSolutionNode = FALSE
	EndGlobalSection
	GlobalSection(ExtensibilityGlobals) = postSolution
		SolutionGuid = {C2035205-8DFB-43F1-91D1-96D0DE5294D3}
	EndGlobalSection
EndGlobal
